{
  "object": {
    "pins": [
      {
        "package": "AWSSDKSwiftCore",
        "repositoryURL": "https://github.com/swift-aws/aws-sdk-appleos-core.git",
        "state": {
          "branch": null,
          "revision": "aa8411143ac5b0084209bc76416cbe46962fad2c",
          "version": "0.1.0"
        }
      },
      {
        "package": "HypertextApplicationLanguage",
        "repositoryURL": "https://github.com/Yasumoto/HypertextApplicationLanguage.git",
        "state": {
          "branch": null,
          "revision": "2302002502fe573494577cc6e8df686e385519f8",
          "version": "1.1.0"
        }
      },
      {
        "package": "INIParser",
        "repositoryURL": "https://github.com/PerfectlySoft/Perfect-INIParser.git",
        "state": {
          "branch": null,
          "revision": "0952aac9ca54324ff25191569fd9c48eec424772",
          "version": "3.0.2"
        }
      },
      {
        "package": "swift-nio",
        "repositoryURL": "https://github.com/apple/swift-nio.git",
        "state": {
          "branch": null,
          "revision": "7f20464df31e85f86bedf4a8afdd1785e0cb5059",
          "version": "2.3.0"
        }
      },
      {
        "package": "swift-nio-transport-services",
        "repositoryURL": "https://github.com/apple/swift-nio-transport-services.git",
        "state": {
          "branch": null,
          "revision": "d59370d89af5e647fa14779b693cb5378602aa6d",
          "version": "1.0.3"
        }
      }
    ]
  },
  "version": 1
}
